// !$*UTF8*$!
{
	archiveVersion = 1;
	classes = {
	};
	objectVersion = 56;
	objects = {

/* Begin PBXBuildFile section */
		67DC8D2C2F161A900056C59E /* KokoroTTSManager.swift in Frameworks */ = {isa = PBXBuildFile; fileRef = A2000018 /* KokoroTTSManager.swift */; };
		67DC8D2D2F161A900056C59E /* MLXUtilsLibrary in Frameworks */ = {isa = PBXBuildFile; productRef = A9000003 /* MLXUtilsLibrary */; };
		A1000001 /* ClawdyApp.swift in Sources */ = {isa = PBXBuildFile; fileRef = A2000001 /* ClawdyApp.swift */; };
		A1000002 /* ContentView.swift in Sources */ = {isa = PBXBuildFile; fileRef = A2000002 /* ContentView.swift */; };
		A1000003 /* Assets.xcassets in Resources */ = {isa = PBXBuildFile; fileRef = A2000003 /* Assets.xcassets */; };
		A1000004 /* Preview Assets.xcassets in Resources */ = {isa = PBXBuildFile; fileRef = A2000004 /* Preview Assets.xcassets */; };
		A1000005 /* SpeechRecognizer.swift in Sources */ = {isa = PBXBuildFile; fileRef = A2000005 /* SpeechRecognizer.swift */; };
		A1000007 /* ClawdyViewModel.swift in Sources */ = {isa = PBXBuildFile; fileRef = A2000007 /* ClawdyViewModel.swift */; };
		A1000009 /* SpeechSynthesizer.swift in Sources */ = {isa = PBXBuildFile; fileRef = A2000009 /* SpeechSynthesizer.swift */; };
		A100000A /* KeychainManager.swift in Sources */ = {isa = PBXBuildFile; fileRef = A200000A /* KeychainManager.swift */; };
		A100000B /* AuthenticationManager.swift in Sources */ = {isa = PBXBuildFile; fileRef = A200000B /* AuthenticationManager.swift */; };
		A100000C /* LockScreenView.swift in Sources */ = {isa = PBXBuildFile; fileRef = A200000C /* LockScreenView.swift */; };
		A100000D /* SettingsView.swift in Sources */ = {isa = PBXBuildFile; fileRef = A200000D /* SettingsView.swift */; };
		A1000010 /* BackgroundAudioManager.swift in Sources */ = {isa = PBXBuildFile; fileRef = A2000010 /* BackgroundAudioManager.swift */; };
		A1000011 /* VPNStatusMonitor.swift in Sources */ = {isa = PBXBuildFile; fileRef = A2000011 /* VPNStatusMonitor.swift */; };
		A1000012 /* VoiceSettings.swift in Sources */ = {isa = PBXBuildFile; fileRef = A2000012 /* VoiceSettings.swift */; };
		A1000014 /* IncrementalTTSManager.swift in Sources */ = {isa = PBXBuildFile; fileRef = A2000015 /* IncrementalTTSManager.swift */; };
		A1000015 /* ProcessingIndicatorView.swift in Sources */ = {isa = PBXBuildFile; fileRef = A2000016 /* ProcessingIndicatorView.swift */; };
		A1000016 /* OfflineBannerView.swift in Sources */ = {isa = PBXBuildFile; fileRef = A2000017 /* OfflineBannerView.swift */; };
		A1000019 /* TextInputBar.swift in Sources */ = {isa = PBXBuildFile; fileRef = A2000019 /* TextInputBar.swift */; };
		A100001A /* CollapsibleToolCallView.swift in Sources */ = {isa = PBXBuildFile; fileRef = A200001A /* CollapsibleToolCallView.swift */; };
		A100001B /* MessagePersistenceManager.swift in Sources */ = {isa = PBXBuildFile; fileRef = A200001B /* MessagePersistenceManager.swift */; };
		A100001C /* ToastView.swift in Sources */ = {isa = PBXBuildFile; fileRef = A200001C /* ToastView.swift */; };
		A100001D /* TTSTextNormalizer.swift in Sources */ = {isa = PBXBuildFile; fileRef = A200001D /* TTSTextNormalizer.swift */; };
		A100001E /* ImageAttachment.swift in Sources */ = {isa = PBXBuildFile; fileRef = A200001E /* ImageAttachment.swift */; };
		A100001F /* ImageAttachmentStore.swift in Sources */ = {isa = PBXBuildFile; fileRef = A200001F /* ImageAttachmentStore.swift */; };
		A1000030 /* ImagePickerCoordinator.swift in Sources */ = {isa = PBXBuildFile; fileRef = A2000030 /* ImagePickerCoordinator.swift */; };
		A1000031 /* CameraView.swift in Sources */ = {isa = PBXBuildFile; fileRef = A2000031 /* CameraView.swift */; };
		A1000032 /* PermissionAlertModifier.swift in Sources */ = {isa = PBXBuildFile; fileRef = A2000032 /* PermissionAlertModifier.swift */; };
		A1000033 /* AddImageButton.swift in Sources */ = {isa = PBXBuildFile; fileRef = A2000033 /* AddImageButton.swift */; };
		A1000034 /* ImageThumbnailView.swift in Sources */ = {isa = PBXBuildFile; fileRef = A2000034 /* ImageThumbnailView.swift */; };
		A1000035 /* ImagePreviewStrip.swift in Sources */ = {isa = PBXBuildFile; fileRef = A2000035 /* ImagePreviewStrip.swift */; };
		A1000036 /* PasteableTextField.swift in Sources */ = {isa = PBXBuildFile; fileRef = A2000036 /* PasteableTextField.swift */; };
		A1000037 /* MessageImageGrid.swift in Sources */ = {isa = PBXBuildFile; fileRef = A2000037 /* MessageImageGrid.swift */; };
		A1000038 /* QuickLookView.swift in Sources */ = {isa = PBXBuildFile; fileRef = A2000038 /* QuickLookView.swift */; };
		A1000039 /* ImageAttachmentTests.swift in Sources */ = {isa = PBXBuildFile; fileRef = A2000039 /* ImageAttachmentTests.swift */; };
		A100003C /* GatewayProtocolTypes.swift in Sources */ = {isa = PBXBuildFile; fileRef = A200003C /* GatewayProtocolTypes.swift */; };
		A100003E /* GatewayChatClient.swift in Sources */ = {isa = PBXBuildFile; fileRef = A200003E /* GatewayChatClient.swift */; };
		A100003F /* GatewayChatHistoryModels.swift in Sources */ = {isa = PBXBuildFile; fileRef = A200003F /* GatewayChatHistoryModels.swift */; };
		A1000040 /* NodeCapabilityHandler.swift in Sources */ = {isa = PBXBuildFile; fileRef = A2000040 /* NodeCapabilityHandler.swift */; };
		A1000041 /* NotificationManager.swift in Sources */ = {isa = PBXBuildFile; fileRef = A2000041 /* NotificationManager.swift */; };
		A1000042 /* CameraCapabilityService.swift in Sources */ = {isa = PBXBuildFile; fileRef = A2000042 /* CameraCapabilityService.swift */; };
		A1000043 /* CameraFlashOverlay.swift in Sources */ = {isa = PBXBuildFile; fileRef = A2000043 /* CameraFlashOverlay.swift */; };
		A1000044 /* LocationCapabilityService.swift in Sources */ = {isa = PBXBuildFile; fileRef = A2000044 /* LocationCapabilityService.swift */; };
		A1000046 /* ConnectionTestingService.swift in Sources */ = {isa = PBXBuildFile; fileRef = A2000046 /* ConnectionTestingService.swift */; };
		A1000017 /* KokoroSwift in Frameworks */ = {isa = PBXBuildFile; productRef = A9000002 /* KokoroSwift */; };
		A1000018 /* KokoroTTSManager.swift in Sources */ = {isa = PBXBuildFile; fileRef = A2000018 /* KokoroTTSManager.swift */; };
		A1000020 /* af_heart.safetensors in Resources */ = {isa = PBXBuildFile; fileRef = A2000020 /* af_heart.safetensors */; };
		A1000021 /* af_nova.safetensors in Resources */ = {isa = PBXBuildFile; fileRef = A2000021 /* af_nova.safetensors */; };
		A1000022 /* af_bella.safetensors in Resources */ = {isa = PBXBuildFile; fileRef = A2000022 /* af_bella.safetensors */; };
		A1000023 /* af_sarah.safetensors in Resources */ = {isa = PBXBuildFile; fileRef = A2000023 /* af_sarah.safetensors */; };
		A1000024 /* am_adam.safetensors in Resources */ = {isa = PBXBuildFile; fileRef = A2000024 /* am_adam.safetensors */; };
		A1000025 /* am_michael.safetensors in Resources */ = {isa = PBXBuildFile; fileRef = A2000025 /* am_michael.safetensors */; };
		A1000026 /* bf_emma.safetensors in Resources */ = {isa = PBXBuildFile; fileRef = A2000026 /* bf_emma.safetensors */; };
		A1000027 /* bm_george.safetensors in Resources */ = {isa = PBXBuildFile; fileRef = A2000027 /* bm_george.safetensors */; };
		A10000E1 /* KokoroSwift in Embed Frameworks */ = {isa = PBXBuildFile; productRef = A9000002 /* KokoroSwift */; settings = {ATTRIBUTES = (CodeSignOnCopy, ); }; };
		A1000048 /* DeviceIdentityStore.swift in Sources */ = {isa = PBXBuildFile; fileRef = A2000048 /* DeviceIdentityStore.swift */; };
		A1000049 /* DeviceAuthStore.swift in Sources */ = {isa = PBXBuildFile; fileRef = A2000049 /* DeviceAuthStore.swift */; };
		A100004B /* GatewayConnection.swift in Sources */ = {isa = PBXBuildFile; fileRef = A200004B /* GatewayConnection.swift */; };
		A100004C /* GatewayDualConnectionManager.swift in Sources */ = {isa = PBXBuildFile; fileRef = A200004C /* GatewayDualConnectionManager.swift */; };
		A1000050 /* APNsManager.swift in Sources */ = {isa = PBXBuildFile; fileRef = A2000050 /* APNsManager.swift */; };
		A1000051 /* APNsManagerTests.swift in Sources */ = {isa = PBXBuildFile; fileRef = A2000051 /* APNsManagerTests.swift */; };
		A1000052 /* CalendarService.swift in Sources */ = {isa = PBXBuildFile; fileRef = A2000052 /* CalendarService.swift */; };
		A1000053 /* CalendarServiceTests.swift in Sources */ = {isa = PBXBuildFile; fileRef = A2000053 /* CalendarServiceTests.swift */; };
		A1000054 /* ContactsService.swift in Sources */ = {isa = PBXBuildFile; fileRef = A2000054 /* ContactsService.swift */; };
		A1000055 /* ContactsServiceTests.swift in Sources */ = {isa = PBXBuildFile; fileRef = A2000055 /* ContactsServiceTests.swift */; };
		A1000057 /* EmailService.swift in Sources */ = {isa = PBXBuildFile; fileRef = A2000057 /* EmailService.swift */; }
		A1000058 /* OfflineQueueService.swift in Sources */ = {isa = PBXBuildFile; fileRef = A2000058 /* OfflineQueueService.swift */; };
		A1000059 /* PhoneService.swift in Sources */ = {isa = PBXBuildFile; fileRef = A2000059 /* PhoneService.swift */; };
		A100005A /* ServiceInitializer.swift in Sources */ = {isa = PBXBuildFile; fileRef = A200005A /* ServiceInitializer.swift */; };
		A100005B /* TTSConversationalTests.swift in Sources */ = {isa = PBXBuildFile; fileRef = A200005B /* TTSConversationalTests.swift */; };
		A100005C /* TTSTestValidation.swift in Sources */ = {isa = PBXBuildFile; fileRef = A200005C /* TTSTestValidation.swift */; };
		A100005D /* URLValidator.swift in Sources */ = {isa = PBXBuildFile; fileRef = A200005D /* URLValidator.swift */; };
		A100005E /* UnifiedTTSManager.swift in Sources */ = {isa = PBXBuildFile; fileRef = A200005E /* UnifiedTTSManager.swift */; };
		A1000060 /* PhoneServiceTests.swift in Sources */ = {isa = PBXBuildFile; fileRef = A2000060 /* PhoneServiceTests.swift */; }
		A1000061 /* EmailServiceTests.swift in Sources */ = {isa = PBXBuildFile; fileRef = A2000061 /* EmailServiceTests.swift */; };
		A1000062 /* LeadCaptureManager.swift in Sources */ = {isa = PBXBuildFile; fileRef = A2000062 /* LeadCaptureManager.swift */; };
		A1000063 /* LeadCaptureManagerTests.swift in Sources */ = {isa = PBXBuildFile; fileRef = A2000063 /* LeadCaptureManagerTests.swift */; };
		A1000064 /* LeadCaptureView.swift in Sources */ = {isa = PBXBuildFile; fileRef = A2000064 /* LeadCaptureView.swift */; };
		A1000065 /* LeadCaptureUITests.swift in Sources */ = {isa = PBXBuildFile; fileRef = A2000065 /* LeadCaptureUITests.swift */; };
		A1000066 /* OfflineMessageQueue.swift in Sources */ = {isa = PBXBuildFile; fileRef = A2000066 /* OfflineMessageQueue.swift */; };
		A1000067 /* OfflineQueueView.swift in Sources */ = {isa = PBXBuildFile; fileRef = A2000067 /* OfflineQueueView.swift */; };
		A1000068 /* OfflineMessageQueueTests.swift in Sources */ = {isa = PBXBuildFile; fileRef = A2000068 /* OfflineMessageQueueTests.swift */; };
		A1000071 /* SessionDraftStateCache.swift in Sources */ = {isa = PBXBuildFile; fileRef = A2000071 /* SessionDraftStateCache.swift */; };
		A1000072 /* SessionDraftStateCacheTests.swift in Sources */ = {isa = PBXBuildFile; fileRef = A2000072 /* SessionDraftStateCacheTests.swift */; };
		A1000073 /* SessionMigrationTests.swift in Sources */ = {isa = PBXBuildFile; fileRef = A2000073 /* SessionMigrationTests.swift */; };
/* End PBXBuildFile section */

/* Begin PBXCopyFilesBuildPhase section */
		A3000003 /* Embed Frameworks */ = {
			isa = PBXCopyFilesBuildPhase;
			buildActionMask = 2147483647;
			dstPath = "";
			dstSubfolderSpec = 10;
			files = (
				A10000E1 /* KokoroSwift in Embed Frameworks */,
			);
			name = "Embed Frameworks";
			runOnlyForDeploymentPostprocessing = 0;
		};
/* End PBXCopyFilesBuildPhase section */

/* Begin PBXFileReference section */
		A2000000 /* Clawdy.app */ = {isa = PBXFileReference; explicitFileType = wrapper.application; includeInIndex = 0; path = Clawdy.app; sourceTree = BUILT_PRODUCTS_DIR; };
		A2000001 /* ClawdyApp.swift */ = {isa = PBXFileReference; lastKnownFileType = sourcecode.swift; path = ClawdyApp.swift; sourceTree = "<group>"; };
		A2000002 /* ContentView.swift */ = {isa = PBXFileReference; lastKnownFileType = sourcecode.swift; path = ContentView.swift; sourceTree = "<group>"; };
		A2000003 /* Assets.xcassets */ = {isa = PBXFileReference; lastKnownFileType = folder.assetcatalog; path = Assets.xcassets; sourceTree = "<group>"; };
		A2000004 /* Preview Assets.xcassets */ = {isa = PBXFileReference; lastKnownFileType = folder.assetcatalog; path = "Preview Assets.xcassets"; sourceTree = "<group>"; };
		A2000005 /* SpeechRecognizer.swift */ = {isa = PBXFileReference; lastKnownFileType = sourcecode.swift; path = SpeechRecognizer.swift; sourceTree = "<group>"; };
		A2000007 /* ClawdyViewModel.swift */ = {isa = PBXFileReference; lastKnownFileType = sourcecode.swift; path = ClawdyViewModel.swift; sourceTree = "<group>"; };
		A2000008 /* Info.plist */ = {isa = PBXFileReference; lastKnownFileType = text.plist.xml; path = Info.plist; sourceTree = "<group>"; };
		A2000009 /* SpeechSynthesizer.swift */ = {isa = PBXFileReference; lastKnownFileType = sourcecode.swift; path = SpeechSynthesizer.swift; sourceTree = "<group>"; };
		A200000A /* KeychainManager.swift */ = {isa = PBXFileReference; lastKnownFileType = sourcecode.swift; path = KeychainManager.swift; sourceTree = "<group>"; };
		A200000B /* AuthenticationManager.swift */ = {isa = PBXFileReference; lastKnownFileType = sourcecode.swift; path = AuthenticationManager.swift; sourceTree = "<group>"; };
		A200000C /* LockScreenView.swift */ = {isa = PBXFileReference; lastKnownFileType = sourcecode.swift; path = LockScreenView.swift; sourceTree = "<group>"; };
		A200000D /* SettingsView.swift */ = {isa = PBXFileReference; lastKnownFileType = sourcecode.swift; path = SettingsView.swift; sourceTree = "<group>"; };
		A2000010 /* BackgroundAudioManager.swift */ = {isa = PBXFileReference; lastKnownFileType = sourcecode.swift; path = BackgroundAudioManager.swift; sourceTree = "<group>"; };
		A2000011 /* VPNStatusMonitor.swift */ = {isa = PBXFileReference; lastKnownFileType = sourcecode.swift; path = VPNStatusMonitor.swift; sourceTree = "<group>"; };
		A2000012 /* VoiceSettings.swift */ = {isa = PBXFileReference; lastKnownFileType = sourcecode.swift; path = VoiceSettings.swift; sourceTree = "<group>"; };
		A2000013 /* Clawdy.entitlements */ = {isa = PBXFileReference; lastKnownFileType = text.plist.entitlements; path = Clawdy.entitlements; sourceTree = "<group>"; };
		A2000015 /* IncrementalTTSManager.swift */ = {isa = PBXFileReference; lastKnownFileType = sourcecode.swift; path = IncrementalTTSManager.swift; sourceTree = "<group>"; };
		A2000016 /* ProcessingIndicatorView.swift */ = {isa = PBXFileReference; lastKnownFileType = sourcecode.swift; path = ProcessingIndicatorView.swift; sourceTree = "<group>"; };
		A2000017 /* OfflineBannerView.swift */ = {isa = PBXFileReference; lastKnownFileType = sourcecode.swift; path = OfflineBannerView.swift; sourceTree = "<group>"; };
		A2000018 /* KokoroTTSManager.swift */ = {isa = PBXFileReference; lastKnownFileType = sourcecode.swift; path = KokoroTTSManager.swift; sourceTree = "<group>"; };
		A2000020 /* af_heart.safetensors */ = {isa = PBXFileReference; lastKnownFileType = file; path = af_heart.safetensors; sourceTree = "<group>"; };
		A2000021 /* af_nova.safetensors */ = {isa = PBXFileReference; lastKnownFileType = file; path = af_nova.safetensors; sourceTree = "<group>"; };
		A2000022 /* af_bella.safetensors */ = {isa = PBXFileReference; lastKnownFileType = file; path = af_bella.safetensors; sourceTree = "<group>"; };
		A2000023 /* af_sarah.safetensors */ = {isa = PBXFileReference; lastKnownFileType = file; path = af_sarah.safetensors; sourceTree = "<group>"; };
		A2000024 /* am_adam.safetensors */ = {isa = PBXFileReference; lastKnownFileType = file; path = am_adam.safetensors; sourceTree = "<group>"; };
		A2000025 /* am_michael.safetensors */ = {isa = PBXFileReference; lastKnownFileType = file; path = am_michael.safetensors; sourceTree = "<group>"; };
		A2000026 /* bf_emma.safetensors */ = {isa = PBXFileReference; lastKnownFileType = file; path = bf_emma.safetensors; sourceTree = "<group>"; };
		A2000027 /* bm_george.safetensors */ = {isa = PBXFileReference; lastKnownFileType = file; path = bm_george.safetensors; sourceTree = "<group>"; };
		A2000019 /* TextInputBar.swift */ = {isa = PBXFileReference; lastKnownFileType = sourcecode.swift; path = TextInputBar.swift; sourceTree = "<group>"; };
		A200001A /* CollapsibleToolCallView.swift */ = {isa = PBXFileReference; lastKnownFileType = sourcecode.swift; path = CollapsibleToolCallView.swift; sourceTree = "<group>"; };
		A200001B /* MessagePersistenceManager.swift */ = {isa = PBXFileReference; lastKnownFileType = sourcecode.swift; path = MessagePersistenceManager.swift; sourceTree = "<group>"; };
		A200001C /* ToastView.swift */ = {isa = PBXFileReference; lastKnownFileType = sourcecode.swift; path = ToastView.swift; sourceTree = "<group>"; };
		A200001D /* TTSTextNormalizer.swift */ = {isa = PBXFileReference; lastKnownFileType = sourcecode.swift; path = TTSTextNormalizer.swift; sourceTree = "<group>"; };
		A200001E /* ImageAttachment.swift */ = {isa = PBXFileReference; lastKnownFileType = sourcecode.swift; path = ImageAttachment.swift; sourceTree = "<group>"; };
		A200001F /* ImageAttachmentStore.swift */ = {isa = PBXFileReference; lastKnownFileType = sourcecode.swift; path = ImageAttachmentStore.swift; sourceTree = "<group>"; };
		A2000030 /* ImagePickerCoordinator.swift */ = {isa = PBXFileReference; lastKnownFileType = sourcecode.swift; path = ImagePickerCoordinator.swift; sourceTree = "<group>"; };
		A2000031 /* CameraView.swift */ = {isa = PBXFileReference; lastKnownFileType = sourcecode.swift; path = CameraView.swift; sourceTree = "<group>"; };
		A2000032 /* PermissionAlertModifier.swift */ = {isa = PBXFileReference; lastKnownFileType = sourcecode.swift; path = PermissionAlertModifier.swift; sourceTree = "<group>"; };
		A2000033 /* AddImageButton.swift */ = {isa = PBXFileReference; lastKnownFileType = sourcecode.swift; path = AddImageButton.swift; sourceTree = "<group>"; };
		A2000034 /* ImageThumbnailView.swift */ = {isa = PBXFileReference; lastKnownFileType = sourcecode.swift; path = ImageThumbnailView.swift; sourceTree = "<group>"; };
		A2000035 /* ImagePreviewStrip.swift */ = {isa = PBXFileReference; lastKnownFileType = sourcecode.swift; path = ImagePreviewStrip.swift; sourceTree = "<group>"; };
		A2000036 /* PasteableTextField.swift */ = {isa = PBXFileReference; lastKnownFileType = sourcecode.swift; path = PasteableTextField.swift; sourceTree = "<group>"; };
		A2000037 /* MessageImageGrid.swift */ = {isa = PBXFileReference; lastKnownFileType = sourcecode.swift; path = MessageImageGrid.swift; sourceTree = "<group>"; };
		A2000038 /* QuickLookView.swift */ = {isa = PBXFileReference; lastKnownFileType = sourcecode.swift; path = QuickLookView.swift; sourceTree = "<group>"; };
		A2000039 /* ImageAttachmentTests.swift */ = {isa = PBXFileReference; lastKnownFileType = sourcecode.swift; path = ImageAttachmentTests.swift; sourceTree = "<group>"; };
		A200003C /* GatewayProtocolTypes.swift */ = {isa = PBXFileReference; lastKnownFileType = sourcecode.swift; path = GatewayProtocolTypes.swift; sourceTree = "<group>"; };
		A200003E /* GatewayChatClient.swift */ = {isa = PBXFileReference; lastKnownFileType = sourcecode.swift; path = GatewayChatClient.swift; sourceTree = "<group>"; };
		A200003F /* GatewayChatHistoryModels.swift */ = {isa = PBXFileReference; lastKnownFileType = sourcecode.swift; path = GatewayChatHistoryModels.swift; sourceTree = "<group>"; };
		A2000040 /* NodeCapabilityHandler.swift */ = {isa = PBXFileReference; lastKnownFileType = sourcecode.swift; path = NodeCapabilityHandler.swift; sourceTree = "<group>"; };
		A2000041 /* NotificationManager.swift */ = {isa = PBXFileReference; lastKnownFileType = sourcecode.swift; path = NotificationManager.swift; sourceTree = "<group>"; };
		A2000042 /* CameraCapabilityService.swift */ = {isa = PBXFileReference; lastKnownFileType = sourcecode.swift; path = CameraCapabilityService.swift; sourceTree = "<group>"; };
		A2000043 /* CameraFlashOverlay.swift */ = {isa = PBXFileReference; lastKnownFileType = sourcecode.swift; path = CameraFlashOverlay.swift; sourceTree = "<group>"; };
		A2000044 /* LocationCapabilityService.swift */ = {isa = PBXFileReference; lastKnownFileType = sourcecode.swift; path = LocationCapabilityService.swift; sourceTree = "<group>"; };
		A2000046 /* ConnectionTestingService.swift */ = {isa = PBXFileReference; lastKnownFileType = sourcecode.swift; path = ConnectionTestingService.swift; sourceTree = "<group>"; };
		A2000048 /* DeviceIdentityStore.swift */ = {isa = PBXFileReference; lastKnownFileType = sourcecode.swift; path = DeviceIdentityStore.swift; sourceTree = "<group>"; };
		A2000049 /* DeviceAuthStore.swift */ = {isa = PBXFileReference; lastKnownFileType = sourcecode.swift; path = DeviceAuthStore.swift; sourceTree = "<group>"; };
		A200004B /* GatewayConnection.swift */ = {isa = PBXFileReference; lastKnownFileType = sourcecode.swift; path = GatewayConnection.swift; sourceTree = "<group>"; };
		A200004C /* GatewayDualConnectionManager.swift */ = {isa = PBXFileReference; lastKnownFileType = sourcecode.swift; path = GatewayDualConnectionManager.swift; sourceTree = "<group>"; };
		A2000050 /* APNsManager.swift */ = {isa = PBXFileReference; lastKnownFileType = sourcecode.swift; path = APNsManager.swift; sourceTree = "<group>"; };
		A2000051 /* APNsManagerTests.swift */ = {isa = PBXFileReference; lastKnownFileType = sourcecode.swift; path = APNsManagerTests.swift; sourceTree = "<group>"; };
		A2000052 /* CalendarService.swift */ = {isa = PBXFileReference; lastKnownFileType = sourcecode.swift; path = CalendarService.swift; sourceTree = "<group>"; };
		A2000053 /* CalendarServiceTests.swift */ = {isa = PBXFileReference; lastKnownFileType = sourcecode.swift; path = CalendarServiceTests.swift; sourceTree = "<group>"; };
		A2000054 /* ContactsService.swift */ = {isa = PBXFileReference; lastKnownFileType = sourcecode.swift; path = ContactsService.swift; sourceTree = "<group>"; };
		A2000055 /* ContactsServiceTests.swift */ = {isa = PBXFileReference; lastKnownFileType = sourcecode.swift; path = ContactsServiceTests.swift; sourceTree = "<group>"; };
		A2000057 /* EmailService.swift */ = {isa = PBXFileReference; lastKnownFileType = sourcecode.swift; path = EmailService.swift; sourceTree = "<group>"; }
		A2000058 /* OfflineQueueService.swift */ = {isa = PBXFileReference; lastKnownFileType = sourcecode.swift; path = OfflineQueueService.swift; sourceTree = "<group>"; };
		A2000059 /* PhoneService.swift */ = {isa = PBXFileReference; lastKnownFileType = sourcecode.swift; path = PhoneService.swift; sourceTree = "<group>"; };
		A200005A /* ServiceInitializer.swift */ = {isa = PBXFileReference; lastKnownFileType = sourcecode.swift; path = ServiceInitializer.swift; sourceTree = "<group>"; };
		A200005B /* TTSConversationalTests.swift */ = {isa = PBXFileReference; lastKnownFileType = sourcecode.swift; path = TTSConversationalTests.swift; sourceTree = "<group>"; };
		A200005C /* TTSTestValidation.swift */ = {isa = PBXFileReference; lastKnownFileType = sourcecode.swift; path = TTSTestValidation.swift; sourceTree = "<group>"; };
		A200005D /* URLValidator.swift */ = {isa = PBXFileReference; lastKnownFileType = sourcecode.swift; path = URLValidator.swift; sourceTree = "<group>"; };
		A200005E /* UnifiedTTSManager.swift */ = {isa = PBXFileReference; lastKnownFileType = sourcecode.swift; path = UnifiedTTSManager.swift; sourceTree = "<group>"; };
		A2000060 /* PhoneServiceTests.swift */ = {isa = PBXFileReference; lastKnownFileType = sourcecode.swift; path = PhoneServiceTests.swift; sourceTree = "<group>"; }
		A2000061 /* EmailServiceTests.swift */ = {isa = PBXFileReference; lastKnownFileType = sourcecode.swift; path = EmailServiceTests.swift; sourceTree = "<group>"; };
		A2000062 /* LeadCaptureManager.swift */ = {isa = PBXFileReference; lastKnownFileType = sourcecode.swift; path = LeadCaptureManager.swift; sourceTree = "<group>"; };
		A2000063 /* LeadCaptureManagerTests.swift */ = {isa = PBXFileReference; lastKnownFileType = sourcecode.swift; path = LeadCaptureManagerTests.swift; sourceTree = "<group>"; };
		A2000064 /* LeadCaptureView.swift */ = {isa = PBXFileReference; lastKnownFileType = sourcecode.swift; path = LeadCaptureView.swift; sourceTree = "<group>"; };
		A2000065 /* LeadCaptureUITests.swift */ = {isa = PBXFileReference; lastKnownFileType = sourcecode.swift; path = LeadCaptureUITests.swift; sourceTree = "<group>"; };
		A2000066 /* OfflineMessageQueue.swift */ = {isa = PBXFileReference; lastKnownFileType = sourcecode.swift; path = OfflineMessageQueue.swift; sourceTree = "<group>"; };
		A2000067 /* OfflineQueueView.swift */ = {isa = PBXFileReference; lastKnownFileType = sourcecode.swift; path = OfflineQueueView.swift; sourceTree = "<group>"; };
		A2000068 /* OfflineMessageQueueTests.swift */ = {isa = PBXFileReference; lastKnownFileType = sourcecode.swift; path = OfflineMessageQueueTests.swift; sourceTree = "<group>"; };
		A2000071 /* SessionDraftStateCache.swift */ = {isa = PBXFileReference; lastKnownFileType = sourcecode.swift; path = SessionDraftStateCache.swift; sourceTree = "<group>"; };
		A2000072 /* SessionDraftStateCacheTests.swift */ = {isa = PBXFileReference; lastKnownFileType = sourcecode.swift; path = SessionDraftStateCacheTests.swift; sourceTree = "<group>"; };
		A2000073 /* SessionMigrationTests.swift */ = {isa = PBXFileReference; lastKnownFileType = sourcecode.swift; path = SessionMigrationTests.swift; sourceTree = "<group>"; };
/* End PBXFileReference section */

/* Begin PBXFrameworksBuildPhase section */
		A3000001 /* Frameworks */ = {
			isa = PBXFrameworksBuildPhase;
			buildActionMask = 2147483647;
			files = (
				67DC8D2D2F161A900056C59E /* MLXUtilsLibrary in Frameworks */,
				A1000017 /* KokoroSwift in Frameworks */,
				67DC8D2C2F161A900056C59E /* KokoroTTSManager.swift in Frameworks */,
			);
			runOnlyForDeploymentPostprocessing = 0;
		};
/* End PBXFrameworksBuildPhase section */

/* Begin PBXGroup section */
		A4000000 = {
			isa = PBXGroup;
			children = (
				A4000001 /* Clawdy */,
				A4000002 /* Products */,
				A4000005 /* Frameworks */,
			);
			sourceTree = "<group>";
		};
		A4000001 /* Clawdy */ = {
			isa = PBXGroup;
			children = (
				A2000001 /* ClawdyApp.swift */,
				A2000002 /* ContentView.swift */,
				A2000007 /* ClawdyViewModel.swift */,
				A4000007 /* Models */,
				A4000008 /* Resources */,
				A4000003 /* Services */,
				A4000006 /* Views */,
				A2000003 /* Assets.xcassets */,
				A2000008 /* Info.plist */,
				A2000013 /* Clawdy.entitlements */,
				A4000004 /* Preview Content */,
			);
			path = Clawdy;
			sourceTree = "<group>";
		};
		A4000002 /* Products */ = {
			isa = PBXGroup;
			children = (
				A2000000 /* Clawdy.app */,
			);
			name = Products;
			sourceTree = "<group>";
		};
		A4000003 /* Services */ = {
			isa = PBXGroup;
			children = (
				A2000050 /* APNsManager.swift */,
				A2000051 /* APNsManagerTests.swift */,
				A200000B /* AuthenticationManager.swift */,
				A2000010 /* BackgroundAudioManager.swift */,
				A2000052 /* CalendarService.swift */,
				A2000053 /* CalendarServiceTests.swift */,
				A2000042 /* CameraCapabilityService.swift */,
				A2000046 /* ConnectionTestingService.swift */,
				A2000054 /* ContactsService.swift */,
				A2000055 /* ContactsServiceTests.swift */,
				A2000049 /* DeviceAuthStore.swift */,
				A2000048 /* DeviceIdentityStore.swift */,
				A2000057 /* EmailService.swift */,
				A200003E /* GatewayChatClient.swift */,
				A200003F /* GatewayChatHistoryModels.swift */,
				A200004B /* GatewayConnection.swift */,
				A200004C /* GatewayDualConnectionManager.swift */,
				A200003C /* GatewayProtocolTypes.swift */,
				A200001F /* ImageAttachmentStore.swift */,
				A2000039 /* ImageAttachmentTests.swift */,
				A2000030 /* ImagePickerCoordinator.swift */,
				A2000015 /* IncrementalTTSManager.swift */,
				A200000A /* KeychainManager.swift */,
				A2000018 /* KokoroTTSManager.swift */,
				A2000044 /* LocationCapabilityService.swift */,
				A200001B /* MessagePersistenceManager.swift */,
				A2000040 /* NodeCapabilityHandler.swift */,
				A2000041 /* NotificationManager.swift */,
				A2000058 /* OfflineQueueService.swift */,
				A2000059 /* PhoneService.swift */,
				A200005A /* ServiceInitializer.swift */,
				A2000005 /* SpeechRecognizer.swift */,
				A2000009 /* SpeechSynthesizer.swift */,
				A200005B /* TTSConversationalTests.swift */,
				A200005C /* TTSTestValidation.swift */,
				A200001D /* TTSTextNormalizer.swift */,
				A200005E /* UnifiedTTSManager.swift */,
				A200005D /* URLValidator.swift */,
				A2000011 /* VPNStatusMonitor.swift */,
				A2000060 /* PhoneServiceTests.swift */,
				A2000061 /* EmailServiceTests.swift */,
				A2000062 /* LeadCaptureManager.swift */,
				A2000063 /* LeadCaptureManagerTests.swift */,
				A2000065 /* LeadCaptureUITests.swift */,
				A2000066 /* OfflineMessageQueue.swift */,
				A2000068 /* OfflineMessageQueueTests.swift */,
				A2000071 /* SessionDraftStateCache.swift */,
				A2000072 /* SessionDraftStateCacheTests.swift */,
				A2000073 /* SessionMigrationTests.swift */,
			);
			path = Services;
			sourceTree = "<group>";
		};
		A4000004 /* Preview Content */ = {
			isa = PBXGroup;
			children = (
				A2000004 /* Preview Assets.xcassets */,
			);
			path = "Preview Content";
			sourceTree = "<group>";
		};
		A4000005 /* Frameworks */ = {
			isa = PBXGroup;
			children = (
			);
			name = Frameworks;
			sourceTree = "<group>";
		};
		A4000006 /* Views */ = {
			isa = PBXGroup;
			children = (
				A2000033 /* AddImageButton.swift */,
				A2000043 /* CameraFlashOverlay.swift */,
				A2000031 /* CameraView.swift */,
				A200001A /* CollapsibleToolCallView.swift */,
				A2000035 /* ImagePreviewStrip.swift */,
				A2000034 /* ImageThumbnailView.swift */,
				A200000C /* LockScreenView.swift */,
				A2000037 /* MessageImageGrid.swift */,
				A2000017 /* OfflineBannerView.swift */,
				A2000036 /* PasteableTextField.swift */,
				A2000032 /* PermissionAlertModifier.swift */,
				A2000016 /* ProcessingIndicatorView.swift */,
				A2000038 /* QuickLookView.swift */,
				A200000D /* SettingsView.swift */,
				A2000019 /* TextInputBar.swift */,
				A200001C /* ToastView.swift */,
				A2000064 /* LeadCaptureView.swift */,
				A2000067 /* OfflineQueueView.swift */,
			);
			path = Views;
			sourceTree = "<group>";
		};
		A4000007 /* Models */ = {
			isa = PBXGroup;
			children = (
				A200001E /* ImageAttachment.swift */,
				A2000012 /* VoiceSettings.swift */,
			);
			path = Models;
			sourceTree = "<group>";
		};
		A4000008 /* Resources */ = {
			isa = PBXGroup;
			children = (
				A4000009 /* Voices */,
			);
			path = Resources;
			sourceTree = "<group>";
		};
		A4000009 /* Voices */ = {
			isa = PBXGroup;
			children = (
				A2000020 /* af_heart.safetensors */,
				A2000021 /* af_nova.safetensors */,
				A2000022 /* af_bella.safetensors */,
				A2000023 /* af_sarah.safetensors */,
				A2000024 /* am_adam.safetensors */,
				A2000025 /* am_michael.safetensors */,
				A2000026 /* bf_emma.safetensors */,
				A2000027 /* bm_george.safetensors */,
			);
			path = Voices;
			sourceTree = "<group>";
		};
/* End PBXGroup section */

/* Begin PBXNativeTarget section */
		A5000000 /* Clawdy */ = {
			isa = PBXNativeTarget;
			buildConfigurationList = A6000002 /* Build configuration list for PBXNativeTarget "Clawdy" */;
			buildPhases = (
				A3000000 /* Sources */,
				A3000001 /* Frameworks */,
				A3000003 /* Embed Frameworks */,
				A3000002 /* Resources */,
			);
			buildRules = (
			);
			dependencies = (
			);
			name = Clawdy;
			packageProductDependencies = (
				A9000002 /* KokoroSwift */,
				A9000003 /* MLXUtilsLibrary */,
			);
			productName = Clawdy;
			productReference = A2000000 /* Clawdy.app */;
			productType = "com.apple.product-type.application";
		};
/* End PBXNativeTarget section */

/* Begin PBXProject section */
		A7000000 /* Project object */ = {
			isa = PBXProject;
			attributes = {
				BuildIndependentTargetsInParallel = 1;
				LastSwiftUpdateCheck = 1500;
				LastUpgradeCheck = 1500;
				TargetAttributes = {
					A5000000 = {
						CreatedOnToolsVersion = 15.0;
					};
				};
			};
			buildConfigurationList = A6000001 /* Build configuration list for PBXProject "Clawdy" */;
			compatibilityVersion = "Xcode 14.0";
			developmentRegion = en;
			hasScannedForEncodings = 0;
			knownRegions = (
				en,
				Base,
			);
			mainGroup = A4000000;
			packageReferences = (
				AA000002 /* XCRemoteSwiftPackageReference "kokoro-ios" */,
			);
			productRefGroup = A4000002 /* Products */;
			projectDirPath = "";
			projectRoot = "";
			targets = (
				A5000000 /* Clawdy */,
			);
		};
/* End PBXProject section */

/* Begin PBXResourcesBuildPhase section */
		A3000002 /* Resources */ = {
			isa = PBXResourcesBuildPhase;
			buildActionMask = 2147483647;
			files = (
				A1000004 /* Preview Assets.xcassets in Resources */,
				A1000003 /* Assets.xcassets in Resources */,
				A1000020 /* af_heart.safetensors in Resources */,
				A1000021 /* af_nova.safetensors in Resources */,
				A1000022 /* af_bella.safetensors in Resources */,
				A1000023 /* af_sarah.safetensors in Resources */,
				A1000024 /* am_adam.safetensors in Resources */,
				A1000025 /* am_michael.safetensors in Resources */,
				A1000026 /* bf_emma.safetensors in Resources */,
				A1000027 /* bm_george.safetensors in Resources */,
			);
			runOnlyForDeploymentPostprocessing = 0;
		};
/* End PBXResourcesBuildPhase section */

/* Begin PBXSourcesBuildPhase section */
		A3000000 /* Sources */ = {
			isa = PBXSourcesBuildPhase;
			buildActionMask = 2147483647;
			files = (
				A1000002 /* ContentView.swift in Sources */,
				A1000001 /* ClawdyApp.swift in Sources */,
				A100000B /* AuthenticationManager.swift in Sources */,
				A100000A /* KeychainManager.swift in Sources */,
				A100000C /* LockScreenView.swift in Sources */,
				A1000010 /* BackgroundAudioManager.swift in Sources */,
				A100000D /* SettingsView.swift in Sources */,
				A1000005 /* SpeechRecognizer.swift in Sources */,
				A1000009 /* SpeechSynthesizer.swift in Sources */,
				A1000011 /* VPNStatusMonitor.swift in Sources */,
				A1000012 /* VoiceSettings.swift in Sources */,
				A1000007 /* ClawdyViewModel.swift in Sources */,
				A1000014 /* IncrementalTTSManager.swift in Sources */,
				A1000015 /* ProcessingIndicatorView.swift in Sources */,
				A1000016 /* OfflineBannerView.swift in Sources */,
				A1000018 /* KokoroTTSManager.swift in Sources */,
				A1000019 /* TextInputBar.swift in Sources */,
				A100001A /* CollapsibleToolCallView.swift in Sources */,
				A100001B /* MessagePersistenceManager.swift in Sources */,
				A100001C /* ToastView.swift in Sources */,
				A100001D /* TTSTextNormalizer.swift in Sources */,
				A100001E /* ImageAttachment.swift in Sources */,
				A100001F /* ImageAttachmentStore.swift in Sources */,
				A1000030 /* ImagePickerCoordinator.swift in Sources */,
				A1000031 /* CameraView.swift in Sources */,
				A1000032 /* PermissionAlertModifier.swift in Sources */,
				A1000033 /* AddImageButton.swift in Sources */,
				A1000034 /* ImageThumbnailView.swift in Sources */,
				A1000035 /* ImagePreviewStrip.swift in Sources */,
				A1000036 /* PasteableTextField.swift in Sources */,
				A1000037 /* MessageImageGrid.swift in Sources */,
				A1000038 /* QuickLookView.swift in Sources */,
				A1000039 /* ImageAttachmentTests.swift in Sources */,
				A100003C /* GatewayProtocolTypes.swift in Sources */,
				A100003E /* GatewayChatClient.swift in Sources */,
				A1000046 /* ConnectionTestingService.swift in Sources */,
				A100003F /* GatewayChatHistoryModels.swift in Sources */,
				A1000040 /* NodeCapabilityHandler.swift in Sources */,
				A1000041 /* NotificationManager.swift in Sources */,
				A1000042 /* CameraCapabilityService.swift in Sources */,
				A1000043 /* CameraFlashOverlay.swift in Sources */,
				A1000044 /* LocationCapabilityService.swift in Sources */,
				A1000048 /* DeviceIdentityStore.swift in Sources */,
				A1000049 /* DeviceAuthStore.swift in Sources */,
				A100004B /* GatewayConnection.swift in Sources */,
				A100004C /* GatewayDualConnectionManager.swift in Sources */,
				A1000050 /* APNsManager.swift in Sources */,
				A1000051 /* APNsManagerTests.swift in Sources */,
				A1000052 /* CalendarService.swift in Sources */,
				A1000053 /* CalendarServiceTests.swift in Sources */,
				A1000054 /* ContactsService.swift in Sources */,
				A1000055 /* ContactsServiceTests.swift in Sources */,
				A1000057 /* EmailService.swift in Sources */,
				A1000058 /* OfflineQueueService.swift in Sources */,
				A1000059 /* PhoneService.swift in Sources */,
				A100005A /* ServiceInitializer.swift in Sources */,
				A100005B /* TTSConversationalTests.swift in Sources */,
				A100005C /* TTSTestValidation.swift in Sources */,
				A100005D /* URLValidator.swift in Sources */,
				A100005E /* UnifiedTTSManager.swift in Sources */,
				A1000060 /* PhoneServiceTests.swift in Sources */,
				A1000061 /* EmailServiceTests.swift in Sources */,
				A1000062 /* LeadCaptureManager.swift in Sources */,
				A1000063 /* LeadCaptureManagerTests.swift in Sources */,
				A1000065 /* LeadCaptureUITests.swift in Sources */,
				A1000066 /* OfflineMessageQueue.swift in Sources */,
				A1000067 /* OfflineQueueView.swift in Sources */,
				A1000068 /* OfflineMessageQueueTests.swift in Sources */,
				A1000064 /* LeadCaptureView.swift in Sources */,
				A1000071 /* SessionDraftStateCache.swift in Sources */,
				A1000072 /* SessionDraftStateCacheTests.swift in Sources */,
				A1000073 /* SessionMigrationTests.swift in Sources */,
			);
			runOnlyForDeploymentPostprocessing = 0;
		};
/* End PBXSourcesBuildPhase section */

/* Begin XCBuildConfiguration section */
		A8000001 /* Debug */ = {
			isa = XCBuildConfiguration;
			buildSettings = {
				ALWAYS_SEARCH_USER_PATHS = NO;
				ASSETCATALOG_COMPILER_GENERATE_SWIFT_ASSET_SYMBOL_EXTENSIONS = YES;
				CLANG_ANALYZER_NONNULL = YES;
				CLANG_ANALYZER_NUMBER_OBJECT_CONVERSION = YES_AGGRESSIVE;
				CLANG_CXX_LANGUAGE_STANDARD = "gnu++20";
				CLANG_ENABLE_MODULES = YES;
				CLANG_ENABLE_OBJC_ARC = YES;
				CLANG_ENABLE_OBJC_WEAK = YES;
				CLANG_WARN_BLOCK_CAPTURE_AUTORELEASING = YES;
				CLANG_WARN_BOOL_CONVERSION = YES;
				CLANG_WARN_COMMA = YES;
				CLANG_WARN_CONSTANT_CONVERSION = YES;
				CLANG_WARN_DEPRECATED_OBJC_IMPLEMENTATIONS = YES;
				CLANG_WARN_DIRECT_OBJC_ISA_USAGE = YES_ERROR;
				CLANG_WARN_DOCUMENTATION_COMMENTS = YES;
				CLANG_WARN_EMPTY_BODY = YES;
				CLANG_WARN_ENUM_CONVERSION = YES;
				CLANG_WARN_INFINITE_RECURSION = YES;
				CLANG_WARN_INT_CONVERSION = YES;
				CLANG_WARN_NON_LITERAL_NULL_CONVERSION = YES;
				CLANG_WARN_OBJC_IMPLICIT_RETAIN_SELF = YES;
				CLANG_WARN_OBJC_LITERAL_CONVERSION = YES;
				CLANG_WARN_OBJC_ROOT_CLASS = YES_ERROR;
				CLANG_WARN_QUOTED_INCLUDE_IN_FRAMEWORK_HEADER = YES;
				CLANG_WARN_RANGE_LOOP_ANALYSIS = YES;
				CLANG_WARN_STRICT_PROTOTYPES = YES;
				CLANG_WARN_SUSPICIOUS_MOVE = YES;
				CLANG_WARN_UNGUARDED_AVAILABILITY = YES_AGGRESSIVE;
				CLANG_WARN_UNREACHABLE_CODE = YES;
				CLANG_WARN__DUPLICATE_METHOD_MATCH = YES;
				COPY_PHASE_STRIP = NO;
				DEBUG_INFORMATION_FORMAT = dwarf;
				ENABLE_STRICT_OBJC_MSGSEND = YES;
				ENABLE_TESTABILITY = YES;
				ENABLE_USER_SCRIPT_SANDBOXING = YES;
				GCC_C_LANGUAGE_STANDARD = gnu17;
				GCC_DYNAMIC_NO_PIC = NO;
				GCC_NO_COMMON_BLOCKS = YES;
				GCC_OPTIMIZATION_LEVEL = 0;
				GCC_PREPROCESSOR_DEFINITIONS = (
					"DEBUG=1",
					"$(inherited)",
				);
				GCC_WARN_64_TO_32_BIT_CONVERSION = YES;
				GCC_WARN_ABOUT_RETURN_TYPE = YES_ERROR;
				GCC_WARN_UNDECLARED_SELECTOR = YES;
				GCC_WARN_UNINITIALIZED_AUTOS = YES_AGGRESSIVE;
				GCC_WARN_UNUSED_FUNCTION = YES;
				GCC_WARN_UNUSED_VARIABLE = YES;
				IPHONEOS_DEPLOYMENT_TARGET = 18.0;
				LOCALIZATION_PREFERS_STRING_CATALOGS = YES;
				MTL_ENABLE_DEBUG_INFO = INCLUDE_SOURCE;
				MTL_FAST_MATH = YES;
				ONLY_ACTIVE_ARCH = YES;
				SDKROOT = iphoneos;
				SWIFT_ACTIVE_COMPILATION_CONDITIONS = "DEBUG $(inherited)";
				SWIFT_OPTIMIZATION_LEVEL = "-Onone";
			};
			name = Debug;
		};
		A8000002 /* Release */ = {
			isa = XCBuildConfiguration;
			buildSettings = {
				ALWAYS_SEARCH_USER_PATHS = NO;
				ASSETCATALOG_COMPILER_GENERATE_SWIFT_ASSET_SYMBOL_EXTENSIONS = YES;
				CLANG_ANALYZER_NONNULL = YES;
				CLANG_ANALYZER_NUMBER_OBJECT_CONVERSION = YES_AGGRESSIVE;
				CLANG_CXX_LANGUAGE_STANDARD = "gnu++20";
				CLANG_ENABLE_MODULES = YES;
				CLANG_ENABLE_OBJC_ARC = YES;
				CLANG_ENABLE_OBJC_WEAK = YES;
				CLANG_WARN_BLOCK_CAPTURE_AUTORELEASING = YES;
				CLANG_WARN_BOOL_CONVERSION = YES;
				CLANG_WARN_COMMA = YES;
				CLANG_WARN_CONSTANT_CONVERSION = YES;
				CLANG_WARN_DEPRECATED_OBJC_IMPLEMENTATIONS = YES;
				CLANG_WARN_DIRECT_OBJC_ISA_USAGE = YES_ERROR;
				CLANG_WARN_DOCUMENTATION_COMMENTS = YES;
				CLANG_WARN_EMPTY_BODY = YES;
				CLANG_WARN_ENUM_CONVERSION = YES;
				CLANG_WARN_INFINITE_RECURSION = YES;
				CLANG_WARN_INT_CONVERSION = YES;
				CLANG_WARN_NON_LITERAL_NULL_CONVERSION = YES;
				CLANG_WARN_OBJC_IMPLICIT_RETAIN_SELF = YES;
				CLANG_WARN_OBJC_LITERAL_CONVERSION = YES;
				CLANG_WARN_OBJC_ROOT_CLASS = YES_ERROR;
				CLANG_WARN_QUOTED_INCLUDE_IN_FRAMEWORK_HEADER = YES;
				CLANG_WARN_RANGE_LOOP_ANALYSIS = YES;
				CLANG_WARN_STRICT_PROTOTYPES = YES;
				CLANG_WARN_SUSPICIOUS_MOVE = YES;
				CLANG_WARN_UNGUARDED_AVAILABILITY = YES_AGGRESSIVE;
				CLANG_WARN_UNREACHABLE_CODE = YES;
				CLANG_WARN__DUPLICATE_METHOD_MATCH = YES;
				COPY_PHASE_STRIP = NO;
				DEBUG_INFORMATION_FORMAT = "dwarf-with-dsym";
				ENABLE_NS_ASSERTIONS = NO;
				ENABLE_STRICT_OBJC_MSGSEND = YES;
				ENABLE_USER_SCRIPT_SANDBOXING = YES;
				GCC_C_LANGUAGE_STANDARD = gnu17;
				GCC_NO_COMMON_BLOCKS = YES;
				GCC_WARN_64_TO_32_BIT_CONVERSION = YES;
				GCC_WARN_ABOUT_RETURN_TYPE = YES_ERROR;
				GCC_WARN_UNDECLARED_SELECTOR = YES;
				GCC_WARN_UNINITIALIZED_AUTOS = YES_AGGRESSIVE;
				GCC_WARN_UNUSED_FUNCTION = YES;
				GCC_WARN_UNUSED_VARIABLE = YES;
				IPHONEOS_DEPLOYMENT_TARGET = 18.0;
				LOCALIZATION_PREFERS_STRING_CATALOGS = YES;
				MTL_ENABLE_DEBUG_INFO = NO;
				MTL_FAST_MATH = YES;
				SDKROOT = iphoneos;
				SWIFT_COMPILATION_MODE = wholemodule;
				VALIDATE_PRODUCT = YES;
			};
			name = Release;
		};
		A8000003 /* Debug */ = {
			isa = XCBuildConfiguration;
			buildSettings = {
				ALWAYS_EMBED_SWIFT_STANDARD_LIBRARIES = YES;
				ASSETCATALOG_COMPILER_APPICON_NAME = AppIcon;
				ASSETCATALOG_COMPILER_GLOBAL_ACCENT_COLOR_NAME = AccentColor;
				CODE_SIGN_ENTITLEMENTS = Clawdy/Clawdy.entitlements;
				CODE_SIGN_STYLE = Automatic;
				CURRENT_PROJECT_VERSION = 1;
				DEVELOPMENT_ASSET_PATHS = "\"Clawdy/Preview Content\"";
				DEVELOPMENT_TEAM = 489X42LS56;
				ENABLE_PREVIEWS = YES;
				GENERATE_INFOPLIST_FILE = YES;
				INFOPLIST_FILE = Clawdy/Info.plist;
				INFOPLIST_KEY_CFBundleDisplayName = Clawdy;
				INFOPLIST_KEY_LSApplicationCategoryType = "public.app-category.productivity";
				INFOPLIST_KEY_NSMicrophoneUsageDescription = "Clawdy needs microphone access to capture your voice commands.";
				INFOPLIST_KEY_NSSpeechRecognitionUsageDescription = "Clawdy uses speech recognition to convert your voice to text commands.";
				INFOPLIST_KEY_UIApplicationSceneManifest_Generation = YES;
				INFOPLIST_KEY_UIApplicationSupportsIndirectInputEvents = YES;
				INFOPLIST_KEY_UILaunchScreen_Generation = YES;
				INFOPLIST_KEY_UISupportedInterfaceOrientations_iPad = "UIInterfaceOrientationPortrait UIInterfaceOrientationPortraitUpsideDown UIInterfaceOrientationLandscapeLeft UIInterfaceOrientationLandscapeRight";
				INFOPLIST_KEY_UISupportedInterfaceOrientations_iPhone = "UIInterfaceOrientationPortrait UIInterfaceOrientationLandscapeLeft UIInterfaceOrientationLandscapeRight";
				LD_RUNPATH_SEARCH_PATHS = (
					"$(inherited)",
					"@executable_path/Frameworks",
				);
				MARKETING_VERSION = 1.0;
				PRODUCT_BUNDLE_IDENTIFIER = com.clawdy.app;
				PRODUCT_NAME = Clawdy;
				SWIFT_EMIT_LOC_STRINGS = YES;
				SWIFT_VERSION = 5.0;
				TARGETED_DEVICE_FAMILY = 1;
			};
			name = Debug;
		};
		A8000004 /* Release */ = {
			isa = XCBuildConfiguration;
			buildSettings = {
				ALWAYS_EMBED_SWIFT_STANDARD_LIBRARIES = YES;
				ASSETCATALOG_COMPILER_APPICON_NAME = AppIcon;
				ASSETCATALOG_COMPILER_GLOBAL_ACCENT_COLOR_NAME = AccentColor;
				CODE_SIGN_ENTITLEMENTS = Clawdy/Clawdy.entitlements;
				CODE_SIGN_STYLE = Automatic;
				CURRENT_PROJECT_VERSION = 1;
				DEVELOPMENT_ASSET_PATHS = "\"Clawdy/Preview Content\"";
				DEVELOPMENT_TEAM = 489X42LS56;
				ENABLE_PREVIEWS = YES;
				GENERATE_INFOPLIST_FILE = YES;
				INFOPLIST_FILE = Clawdy/Info.plist;
				INFOPLIST_KEY_CFBundleDisplayName = Clawdy;
				INFOPLIST_KEY_LSApplicationCategoryType = "public.app-category.productivity";
				INFOPLIST_KEY_NSMicrophoneUsageDescription = "Clawdy needs microphone access to capture your voice commands.";
				INFOPLIST_KEY_NSSpeechRecognitionUsageDescription = "Clawdy uses speech recognition to convert your voice to text commands.";
				INFOPLIST_KEY_UIApplicationSceneManifest_Generation = YES;
				INFOPLIST_KEY_UIApplicationSupportsIndirectInputEvents = YES;
				INFOPLIST_KEY_UILaunchScreen_Generation = YES;
				INFOPLIST_KEY_UISupportedInterfaceOrientations_iPad = "UIInterfaceOrientationPortrait UIInterfaceOrientationPortraitUpsideDown UIInterfaceOrientationLandscapeLeft UIInterfaceOrientationLandscapeRight";
				INFOPLIST_KEY_UISupportedInterfaceOrientations_iPhone = "UIInterfaceOrientationPortrait UIInterfaceOrientationLandscapeLeft UIInterfaceOrientationLandscapeRight";
				LD_RUNPATH_SEARCH_PATHS = (
					"$(inherited)",
					"@executable_path/Frameworks",
				);
				MARKETING_VERSION = 1.0;
				PRODUCT_BUNDLE_IDENTIFIER = com.clawdy.app;
				PRODUCT_NAME = Clawdy;
				SWIFT_EMIT_LOC_STRINGS = YES;
				SWIFT_VERSION = 5.0;
				TARGETED_DEVICE_FAMILY = 1;
			};
			name = Release;
		};
/* End XCBuildConfiguration section */

/* Begin XCConfigurationList section */
		A6000001 /* Build configuration list for PBXProject "Clawdy" */ = {
			isa = XCConfigurationList;
			buildConfigurations = (
				A8000001 /* Debug */,
				A8000002 /* Release */,
			);
			defaultConfigurationIsVisible = 0;
			defaultConfigurationName = Release;
		};
		A6000002 /* Build configuration list for PBXNativeTarget "Clawdy" */ = {
			isa = XCConfigurationList;
			buildConfigurations = (
				A8000003 /* Debug */,
				A8000004 /* Release */,
			);
			defaultConfigurationIsVisible = 0;
			defaultConfigurationName = Release;
		};
/* End XCConfigurationList section */

/* Begin XCRemoteSwiftPackageReference section */
		AA000002 /* XCRemoteSwiftPackageReference "kokoro-ios" */ = {
			isa = XCRemoteSwiftPackageReference;
			repositoryURL = "https://github.com/mlalma/kokoro-ios.git";
			requirement = {
				kind = upToNextMajorVersion;
				minimumVersion = 1.0.8;
			};
		};
/* End XCRemoteSwiftPackageReference section */

/* Begin XCSwiftPackageProductDependency section */
		A9000002 /* KokoroSwift */ = {
			isa = XCSwiftPackageProductDependency;
			package = AA000002 /* XCRemoteSwiftPackageReference "kokoro-ios" */;
			productName = KokoroSwift;
		};
		A9000003 /* MLXUtilsLibrary */ = {
			isa = XCSwiftPackageProductDependency;
			productName = MLXUtilsLibrary;
		};
/* End XCSwiftPackageProductDependency section */
	};
	rootObject = A7000000 /* Project object */;
}
